// !$*UTF8*$!
{
	archiveVersion = 1;
	classes = {
	};
	objectVersion = 46;
	objects = {

/* Begin PBXBuildFile section */
		8E9ACFD51A2C097A00FB51EF /* nw.cppan~.c in Sources */ = {isa = PBXBuildFile; fileRef = 8E9ACFD41A2C097A00FB51EF /* nw.cppan~.c */; };
		8E9ACFD71A2C09FA00FB51EF /* commonsyms.c in Sources */ = {isa = PBXBuildFile; fileRef = 8E9ACFD61A2C09FA00FB51EF /* commonsyms.c */; };
		8EAC8D571A3376D4004787DB /* MaxAudioAPI.framework in Frameworks */ = {isa = PBXBuildFile; fileRef = 8EAC8D561A3376D4004787DB /* MaxAudioAPI.framework */; };
/* End PBXBuildFile section */

/* Begin PBXFileReference section */
		2273EE491A03F14F0057B483 /* max.xcconfig */ = {isa = PBXFileReference; lastKnownFileType = text.xcconfig; name = max.xcconfig; path = ../max.xcconfig; sourceTree = "<group>"; };
		2FBBEAE508F335360078DB84 /* nw.cppan~.mxo */ = {isa = PBXFileReference; explicitFileType = wrapper.cfbundle; includeInIndex = 0; path = "nw.cppan~.mxo"; sourceTree = BUILT_PRODUCTS_DIR; };
		8E9ACFD41A2C097A00FB51EF /* nw.cppan~.c */ = {isa = PBXFileReference; fileEncoding = 4; lastKnownFileType = sourcecode.c.c; path = "nw.cppan~.c"; sourceTree = "<group>"; };
		8E9ACFD61A2C09FA00FB51EF /* commonsyms.c */ = {isa = PBXFileReference; fileEncoding = 4; lastKnownFileType = sourcecode.c.c; name = commonsyms.c; path = "../../MaxSDK/c74support/max-includes/common/commonsyms.c"; sourceTree = "<group>"; };
		8EAC8D561A3376D4004787DB /* MaxAudioAPI.framework */ = {isa = PBXFileReference; lastKnownFileType = wrapper.framework; name = MaxAudioAPI.framework; path = "../../MaxSDK/c74support/msp-includes/MaxAudioAPI.framework"; sourceTree = "<group>"; };
/* End PBXFileReference section */

/* Begin PBXFrameworksBuildPhase section */
		2FBBEADC08F335360078DB84 /* Frameworks */ = {
			isa = PBXFrameworksBuildPhase;
			buildActionMask = 2147483647;
			files = (
				8EAC8D571A3376D4004787DB /* MaxAudioAPI.framework in Frameworks */,
			);
			runOnlyForDeploymentPostprocessing = 0;
		};
/* End PBXFrameworksBuildPhase section */

/* Begin PBXGroup section */
		089C166AFE841209C02AAC07 /* iterator */ = {
			isa = PBXGroup;
			children = (
				2273EE491A03F14F0057B483 /* max.xcconfig */,
				8E9ACFD61A2C09FA00FB51EF /* commonsyms.c */,
				8E9ACFD41A2C097A00FB51EF /* nw.cppan~.c */,
				8EAC8D561A3376D4004787DB /* MaxAudioAPI.framework */,
				19C28FB4FE9D528D11CA2CBB /* Products */,
			);
			name = iterator;
			sourceTree = "<group>";
		};
		19C28FB4FE9D528D11CA2CBB /* Products */ = {
			isa = PBXGroup;
			children = (
				2FBBEAE508F335360078DB84 /* nw.cppan~.mxo */,
			);
			name = Products;
			sourceTree = "<group>";
		};
/* End PBXGroup section */

/* Begin PBXHeadersBuildPhase section */
		2FBBEAD708F335360078DB84 /* Headers */ = {
			isa = PBXHeadersBuildPhase;
			buildActionMask = 2147483647;
			files = (
			);
			runOnlyForDeploymentPostprocessing = 0;
		};
/* End PBXHeadersBuildPhase section */

/* Begin PBXNativeTarget section */
		2FBBEAD608F335360078DB84 /* max-external */ = {
			isa = PBXNativeTarget;
			buildConfigurationList = 2FBBEAE008F335360078DB84 /* Build configuration list for PBXNativeTarget "max-external" */;
			buildPhases = (
				2FBBEAD708F335360078DB84 /* Headers */,
				2FBBEAD808F335360078DB84 /* Resources */,
				2FBBEADA08F335360078DB84 /* Sources */,
				2FBBEADC08F335360078DB84 /* Frameworks */,
				2FBBEADF08F335360078DB84 /* Rez */,
			);
			buildRules = (
			);
			dependencies = (
			);
			name = "max-external";
			productName = iterator;
			productReference = 2FBBEAE508F335360078DB84 /* nw.cppan~.mxo */;
			productType = "com.apple.product-type.bundle";
		};
/* End PBXNativeTarget section */

/* Begin PBXProject section */
		089C1669FE841209C02AAC07 /* Project object */ = {
			isa = PBXProject;
			attributes = {
				LastUpgradeCheck = 0610;
			};
			buildConfigurationList = 2FBBEACF08F335010078DB84 /* Build configuration list for PBXProject "nw.cppan~" */;
			compatibilityVersion = "Xcode 3.2";
			developmentRegion = English;
			hasScannedForEncodings = 1;
			knownRegions = (
				en,
			);
			mainGroup = 089C166AFE841209C02AAC07 /* iterator */;
			projectDirPath = "";
			projectRoot = "";
			targets = (
				2FBBEAD608F335360078DB84 /* max-external */,
			);
		};
/* End PBXProject section */

/* Begin PBXResourcesBuildPhase section */
		2FBBEAD808F335360078DB84 /* Resources */ = {
			isa = PBXResourcesBuildPhase;
			buildActionMask = 2147483647;
			files = (
			);
			runOnlyForDeploymentPostprocessing = 0;
		};
/* End PBXResourcesBuildPhase section */

/* Begin PBXRezBuildPhase section */
		2FBBEADF08F335360078DB84 /* Rez */ = {
			isa = PBXRezBuildPhase;
			buildActionMask = 2147483647;
			files = (
			);
			runOnlyForDeploymentPostprocessing = 0;
		};
/* End PBXRezBuildPhase section */

/* Begin PBXSourcesBuildPhase section */
		2FBBEADA08F335360078DB84 /* Sources */ = {
			isa = PBXSourcesBuildPhase;
			buildActionMask = 2147483647;
			files = (
				8E9ACFD71A2C09FA00FB51EF /* commonsyms.c in Sources */,
				8E9ACFD51A2C097A00FB51EF /* nw.cppan~.c in Sources */,
			);
			runOnlyForDeploymentPostprocessing = 0;
		};
/* End PBXSourcesBuildPhase section */

/* Begin XCBuildConfiguration section */
		2FBBEAD008F335010078DB84 /* Development */ = {
			isa = XCBuildConfiguration;
			baseConfigurationReference = 2273EE491A03F14F0057B483 /* max.xcconfig */;
			buildSettings = {
			};
			name = Development;
		};
		2FBBEAD108F335010078DB84 /* Deployment */ = {
			isa = XCBuildConfiguration;
			baseConfigurationReference = 2273EE491A03F14F0057B483 /* max.xcconfig */;
			buildSettings = {
			};
			name = Deployment;
		};
		2FBBEAE108F335360078DB84 /* Development */ = {
			isa = XCBuildConfiguration;
			baseConfigurationReference = 2273EE491A03F14F0057B483 /* max.xcconfig */;
			buildSettings = {
				CLANG_CXX_LANGUAGE_STANDARD = "c++0x";
				CLANG_CXX_LIBRARY = "libc++";
				COMBINE_HIDPI_IMAGES = YES;
				COPY_PHASE_STRIP = NO;
				FRAMEWORK_SEARCH_PATHS = (
					"$(inherited)",
					"/Volumes/Storage/Documents/Max/Packages/LowkeyNW/MaxSDK/c74support/msp-includes",
				);
				GCC_OPTIMIZATION_LEVEL = 0;
				LIBRARY_SEARCH_PATHS = "$(inherited)";
				OTHER_LDFLAGS = (
					"$(C74_SYM_LINKER_FLAGS)",
					"$(C74_SYM_LINKER_FLAGS_MSP)",
				);
			};
			name = Development;
		};
		2FBBEAE208F335360078DB84 /* Deployment */ = {
			isa = XCBuildConfiguration;
			baseConfigurationReference = 2273EE491A03F14F0057B483 /* max.xcconfig */;
			buildSettings = {
				CLANG_CXX_LANGUAGE_STANDARD = "c++0x";
				CLANG_CXX_LIBRARY = "libc++";
				COMBINE_HIDPI_IMAGES = YES;
				COPY_PHASE_STRIP = YES;
				FRAMEWORK_SEARCH_PATHS = (
					"$(inherited)",
					"/Volumes/Storage/Documents/Max/Packages/LowkeyNW/MaxSDK/c74support/msp-includes",
				);
				LIBRARY_SEARCH_PATHS = "$(inherited)";
				OTHER_LDFLAGS = (
					"$(C74_SYM_LINKER_FLAGS)",
					"$(C74_SYM_LINKER_FLAGS_MSP)",
				);
			};
			name = Deployment;
		};
/* End XCBuildConfiguration section */

/* Begin XCConfigurationList section */
		2FBBEACF08F335010078DB84 /* Build configuration list for PBXProject "nw.cppan~" */ = {
			isa = XCConfigurationList;
			buildConfigurations = (
				2FBBEAD008F335010078DB84 /* Development */,
				2FBBEAD108F335010078DB84 /* Deployment */,
			);
			defaultConfigurationIsVisible = 0;
			defaultConfigurationName = Development;
		};
		2FBBEAE008F335360078DB84 /* Build configuration list for PBXNativeTarget "max-external" */ = {
			isa = XCConfigurationList;
			buildConfigurations = (
				2FBBEAE108F335360078DB84 /* Development */,
				2FBBEAE208F335360078DB84 /* Deployment */,
			);
			defaultConfigurationIsVisible = 0;
			defaultConfigurationName = Development;
		};
/* End XCConfigurationList section */
	};
	rootObject = 089C1669FE841209C02AAC07 /* Project object */;
}
